
Microsoft Visual Studio Solution File, Format Version 12.00
# Visual Studio 2015
Project("{FAE04EC0-301F-11D3-BF4B-00C04F79EFBC}") = "Projeto jogo Tutorial 2", "Projeto jogo Tutorial 2.csproj", "{83B39152-737D-1E14-8EAF-E40AA78C6A7D}"
EndProject
Global
	GlobalSection(SolutionConfigurationPlatforms) = preSolution
		Debug|Any CPU = Debug|Any CPU
		Release|Any CPU = Release|Any CPU
	EndGlobalSection
	GlobalSection(ProjectConfigurationPlatforms) = postSolution
		{83B39152-737D-1E14-8EAF-E40AA78C6A7D}.Debug|Any CPU.ActiveCfg = Debug|Any CPU
		{83B39152-737D-1E14-8EAF-E40AA78C6A7D}.Debug|Any CPU.Build.0 = Debug|Any CPU
		{83B39152-737D-1E14-8EAF-E40AA78C6A7D}.Release|Any CPU.ActiveCfg = Release|Any CPU
		{83B39152-737D-1E14-8EAF-E40AA78C6A7D}.Release|Any CPU.Build.0 = Release|Any CPU
	EndGlobalSection
	GlobalSection(SolutionProperties) = preSolution
		HideSolutionNode = FALSE
	EndGlobalSection
EndGlobal
